
Microsoft Visual Studio Solution File, Format Version 12.00
# Visual Studio Version 17
VisualStudioVersion = 17.7.34221.43
MinimumVisualStudioVersion = 10.0.40219.1
Project("{FAE04EC0-301F-11D3-BF4B-00C04F79EFBC}") = "COMListener", "COMListener.csproj", "{997847A9-D9B7-4D9E-A4E9-51081C9048E4}"
EndProject
Global
	GlobalSection(SolutionConfigurationPlatforms) = preSolution
		Debug|Any CPU = Debug|Any CPU
		Release|Any CPU = Release|Any CPU
	EndGlobalSection
	GlobalSection(ProjectConfigurationPlatforms) = postSolution
		{997847A9-D9B7-4D9E-A4E9-51081C9048E4}.Debug|Any CPU.ActiveCfg = Debug|Any CPU
		{997847A9-D9B7-4D9E-A4E9-51081C9048E4}.Debug|Any CPU.Build.0 = Debug|Any CPU
		{997847A9-D9B7-4D9E-A4E9-51081C9048E4}.Release|Any CPU.ActiveCfg = Release|Any CPU
		{997847A9-D9B7-4D9E-A4E9-51081C9048E4}.Release|Any CPU.Build.0 = Release|Any CPU
	EndGlobalSection
	GlobalSection(SolutionProperties) = preSolution
		HideSolutionNode = FALSE
	EndGlobalSection
	GlobalSection(ExtensibilityGlobals) = postSolution
		SolutionGuid = {6E6E43FE-7D91-4D23-9BCE-66257B1012FB}
	EndGlobalSection
EndGlobal
